name: update-flake-lock

on:
  workflow_dispatch:  # Allows manual triggering
  push:
  schedule:
    - cron: '0 0 * * *'  # Runs daily at midnight

jobs:
  lockfile:
    runs-on: ubuntu-latest
    steps:
      - name: Checkout repository
        uses: actions/checkout@v4
        with:
          token: ${{ secrets.GITHUB_TOKEN }}

      - name: Install Nix
        uses: DeterminateSystems/nix-installer-action@main

      - name: Update flake.lock
        run: nix flake update

      - name: Check for changes
        id: check_changes
        run: |
          if git diff --quiet flake.lock; then
            echo "No updates to flake.lock"
            echo "changed=false" >> $GITHUB_ENV
          else
            echo "changed=true" >> $GITHUB_ENV
          fi

      - name: Commit and push changes
        if: env.changed == 'true'
        env:
          GITHUB_TOKEN: ${{ github.token }}
        run: |
          git config --global user.name "github-actions[bot]"
          git config --global user.email "github-actions[bot]@users.noreply.github.com"
          git add flake.lock
          git commit -m "Auto update flake.lock"
          git push https://x-access-token:$GITHUB_TOKEN@github.com/${{ github.repository }}.git
